
Microsoft Visual Studio Solution File, Format Version 12.00
# Visual Studio Version 16
VisualStudioVersion = 16.0.28803.202
MinimumVisualStudioVersion = 10.0.40219.1
Project("{FAE04EC0-301F-11D3-BF4B-00C04F79EFBC}") = "NetCityGML", "NetCityGML\NetCityGML.csproj", "{77669CC3-C3ED-4EC0-88B2-EFF7F7BBE39A}"
EndProject
Global
	GlobalSection(SolutionConfigurationPlatforms) = preSolution
		Debug|Any CPU = Debug|Any CPU
		Release|Any CPU = Release|Any CPU
	EndGlobalSection
	GlobalSection(ProjectConfigurationPlatforms) = postSolution
		{77669CC3-C3ED-4EC0-88B2-EFF7F7BBE39A}.Debug|Any CPU.ActiveCfg = Debug|Any CPU
		{77669CC3-C3ED-4EC0-88B2-EFF7F7BBE39A}.Debug|Any CPU.Build.0 = Debug|Any CPU
		{77669CC3-C3ED-4EC0-88B2-EFF7F7BBE39A}.Release|Any CPU.ActiveCfg = Release|Any CPU
		{77669CC3-C3ED-4EC0-88B2-EFF7F7BBE39A}.Release|Any CPU.Build.0 = Release|Any CPU
	EndGlobalSection
	GlobalSection(SolutionProperties) = preSolution
		HideSolutionNode = FALSE
	EndGlobalSection
	GlobalSection(ExtensibilityGlobals) = postSolution
		SolutionGuid = {276AE394-FE09-4A0A-90BA-F62022D04861}
	EndGlobalSection
EndGlobal
